
Microsoft Visual Studio Solution File, Format Version 12.00
# Visual Studio 14
VisualStudioVersion = 14.0.25420.1
MinimumVisualStudioVersion = 10.0.40219.1
Project("{FAE04EC0-301F-11D3-BF4B-00C04F79EFBC}") = "TesteAPI", "..\TesteAPI\TesteAPI\TesteAPI.csproj", "{D112E332-D89F-4783-991B-1E000D63B959}"
EndProject
Project("{2150E333-8FDC-42A3-9474-1A3956D46DE8}") = "Solution Items", "Solution Items", "{3BE19518-D957-4A2A-86B6-10F7C537929D}"
EndProject
Project("{FAE04EC0-301F-11D3-BF4B-00C04F79EFBC}") = "TesteWeb", "..\TesteWeb\TesteWeb\TesteWeb.csproj", "{ABC86381-E6B6-4ABB-8AE8-5249FB9ACBEF}"
EndProject
Global
	GlobalSection(SolutionConfigurationPlatforms) = preSolution
		Debug|Any CPU = Debug|Any CPU
		Release|Any CPU = Release|Any CPU
	EndGlobalSection
	GlobalSection(ProjectConfigurationPlatforms) = postSolution
		{D112E332-D89F-4783-991B-1E000D63B959}.Debug|Any CPU.ActiveCfg = Debug|Any CPU
		{D112E332-D89F-4783-991B-1E000D63B959}.Debug|Any CPU.Build.0 = Debug|Any CPU
		{D112E332-D89F-4783-991B-1E000D63B959}.Release|Any CPU.ActiveCfg = Release|Any CPU
		{D112E332-D89F-4783-991B-1E000D63B959}.Release|Any CPU.Build.0 = Release|Any CPU
		{ABC86381-E6B6-4ABB-8AE8-5249FB9ACBEF}.Debug|Any CPU.ActiveCfg = Debug|Any CPU
		{ABC86381-E6B6-4ABB-8AE8-5249FB9ACBEF}.Debug|Any CPU.Build.0 = Debug|Any CPU
		{ABC86381-E6B6-4ABB-8AE8-5249FB9ACBEF}.Release|Any CPU.ActiveCfg = Release|Any CPU
		{ABC86381-E6B6-4ABB-8AE8-5249FB9ACBEF}.Release|Any CPU.Build.0 = Release|Any CPU
	EndGlobalSection
	GlobalSection(SolutionProperties) = preSolution
		HideSolutionNode = FALSE
	EndGlobalSection
EndGlobal
